
Microsoft Visual Studio Solution File, Format Version 12.00
# Visual Studio Version 17
VisualStudioVersion = 17.0.31903.59
MinimumVisualStudioVersion = 10.0.40219.1
Project("{FAE04EC0-301F-11D3-BF4B-00C04F79EFBC}") = "PhoneBook.Core", "PhoneBook.Core\PhoneBook.Core.csproj", "{99F03C9E-DBCF-4831-BBCC-3D9942E55291}"
EndProject
Project("{FAE04EC0-301F-11D3-BF4B-00C04F79EFBC}") = "PhoneBook.DataAccess", "PhoneBook.DataAccess\PhoneBook.DataAccess.csproj", "{1DBC473B-2294-4CA8-B984-0DAE0D26913E}"
EndProject
Project("{FAE04EC0-301F-11D3-BF4B-00C04F79EFBC}") = "PhoneBook.Business", "PhoneBook.Business\PhoneBook.Business.csproj", "{41488151-799B-4BBC-92C5-351AB0AC35D7}"
EndProject
Project("{FAE04EC0-301F-11D3-BF4B-00C04F79EFBC}") = "PhoneBook.WebAPI", "PhoneBook.WebAPI\PhoneBook.WebAPI.csproj", "{697A4A0A-DBA4-486B-9879-416D1A9728C1}"
EndProject
Global
	GlobalSection(SolutionConfigurationPlatforms) = preSolution
		Debug|Any CPU = Debug|Any CPU
		Release|Any CPU = Release|Any CPU
	EndGlobalSection
	GlobalSection(SolutionProperties) = preSolution
		HideSolutionNode = FALSE
	EndGlobalSection
	GlobalSection(ProjectConfigurationPlatforms) = postSolution
		{99F03C9E-DBCF-4831-BBCC-3D9942E55291}.Debug|Any CPU.ActiveCfg = Debug|Any CPU
		{99F03C9E-DBCF-4831-BBCC-3D9942E55291}.Debug|Any CPU.Build.0 = Debug|Any CPU
		{99F03C9E-DBCF-4831-BBCC-3D9942E55291}.Release|Any CPU.ActiveCfg = Release|Any CPU
		{99F03C9E-DBCF-4831-BBCC-3D9942E55291}.Release|Any CPU.Build.0 = Release|Any CPU
		{1DBC473B-2294-4CA8-B984-0DAE0D26913E}.Debug|Any CPU.ActiveCfg = Debug|Any CPU
		{1DBC473B-2294-4CA8-B984-0DAE0D26913E}.Debug|Any CPU.Build.0 = Debug|Any CPU
		{1DBC473B-2294-4CA8-B984-0DAE0D26913E}.Release|Any CPU.ActiveCfg = Release|Any CPU
		{1DBC473B-2294-4CA8-B984-0DAE0D26913E}.Release|Any CPU.Build.0 = Release|Any CPU
		{41488151-799B-4BBC-92C5-351AB0AC35D7}.Debug|Any CPU.ActiveCfg = Debug|Any CPU
		{41488151-799B-4BBC-92C5-351AB0AC35D7}.Debug|Any CPU.Build.0 = Debug|Any CPU
		{41488151-799B-4BBC-92C5-351AB0AC35D7}.Release|Any CPU.ActiveCfg = Release|Any CPU
		{41488151-799B-4BBC-92C5-351AB0AC35D7}.Release|Any CPU.Build.0 = Release|Any CPU
		{697A4A0A-DBA4-486B-9879-416D1A9728C1}.Debug|Any CPU.ActiveCfg = Debug|Any CPU
		{697A4A0A-DBA4-486B-9879-416D1A9728C1}.Debug|Any CPU.Build.0 = Debug|Any CPU
		{697A4A0A-DBA4-486B-9879-416D1A9728C1}.Release|Any CPU.ActiveCfg = Release|Any CPU
		{697A4A0A-DBA4-486B-9879-416D1A9728C1}.Release|Any CPU.Build.0 = Release|Any CPU
	EndGlobalSection
EndGlobal
